// !$*UTF8*$!
{
	archiveVersion = 1;
	classes = {
	};
	objectVersion = 50;
	objects = {

/* Begin PBXBuildFile section */
		B5DAEA97266049C700A905F6 /* Tests_iOS.swift in Sources */ = {isa = PBXBuildFile; fileRef = B5DAEA96266049C700A905F6 /* Tests_iOS.swift */; };
		B5DAEAA2266049C700A905F6 /* Tests_macOS.swift in Sources */ = {isa = PBXBuildFile; fileRef = B5DAEAA1266049C700A905F6 /* Tests_macOS.swift */; };
		B5DAEAA4266049C700A905F6 /* swiftui_firebase_authApp.swift in Sources */ = {isa = PBXBuildFile; fileRef = B5DAEA7B266049C100A905F6 /* swiftui_firebase_authApp.swift */; };
		B5DAEAA5266049C700A905F6 /* swiftui_firebase_authApp.swift in Sources */ = {isa = PBXBuildFile; fileRef = B5DAEA7B266049C100A905F6 /* swiftui_firebase_authApp.swift */; };
		B5DAEAA6266049C700A905F6 /* ContentView.swift in Sources */ = {isa = PBXBuildFile; fileRef = B5DAEA7C266049C100A905F6 /* ContentView.swift */; };
		B5DAEAA7266049C700A905F6 /* ContentView.swift in Sources */ = {isa = PBXBuildFile; fileRef = B5DAEA7C266049C100A905F6 /* ContentView.swift */; };
		B5DAEAA8266049C700A905F6 /* Assets.xcassets in Resources */ = {isa = PBXBuildFile; fileRef = B5DAEA7D266049C700A905F6 /* Assets.xcassets */; };
		B5DAEAA9266049C700A905F6 /* Assets.xcassets in Resources */ = {isa = PBXBuildFile; fileRef = B5DAEA7D266049C700A905F6 /* Assets.xcassets */; };
/* End PBXBuildFile section */

/* Begin PBXContainerItemProxy section */
		B5DAEA93266049C700A905F6 /* PBXContainerItemProxy */ = {
			isa = PBXContainerItemProxy;
			containerPortal = B5DAEA76266049C100A905F6 /* Project object */;
			proxyType = 1;
			remoteGlobalIDString = B5DAEA81266049C700A905F6;
			remoteInfo = "swiftui-firebase-auth (iOS)";
		};
		B5DAEA9E266049C700A905F6 /* PBXContainerItemProxy */ = {
			isa = PBXContainerItemProxy;
			containerPortal = B5DAEA76266049C100A905F6 /* Project object */;
			proxyType = 1;
			remoteGlobalIDString = B5DAEA89266049C700A905F6;
			remoteInfo = "swiftui-firebase-auth (macOS)";
		};
/* End PBXContainerItemProxy section */

/* Begin PBXFileReference section */
		B5DAEA7B266049C100A905F6 /* swiftui_firebase_authApp.swift */ = {isa = PBXFileReference; lastKnownFileType = sourcecode.swift; path = swiftui_firebase_authApp.swift; sourceTree = "<group>"; };
		B5DAEA7C266049C100A905F6 /* ContentView.swift */ = {isa = PBXFileReference; lastKnownFileType = sourcecode.swift; path = ContentView.swift; sourceTree = "<group>"; };
		B5DAEA7D266049C700A905F6 /* Assets.xcassets */ = {isa = PBXFileReference; lastKnownFileType = folder.assetcatalog; path = Assets.xcassets; sourceTree = "<group>"; };
		B5DAEA82266049C700A905F6 /* swiftui-firebase-auth.app */ = {isa = PBXFileReference; explicitFileType = wrapper.application; includeInIndex = 0; path = "swiftui-firebase-auth.app"; sourceTree = BUILT_PRODUCTS_DIR; };
		B5DAEA85266049C700A905F6 /* Info.plist */ = {isa = PBXFileReference; lastKnownFileType = text.plist.xml; path = Info.plist; sourceTree = "<group>"; };
		B5DAEA8A266049C700A905F6 /* swiftui-firebase-auth.app */ = {isa = PBXFileReference; explicitFileType = wrapper.application; includeInIndex = 0; path = "swiftui-firebase-auth.app"; sourceTree = BUILT_PRODUCTS_DIR; };
		B5DAEA8C266049C700A905F6 /* Info.plist */ = {isa = PBXFileReference; lastKnownFileType = text.plist.xml; path = Info.plist; sourceTree = "<group>"; };
		B5DAEA8D266049C700A905F6 /* macOS.entitlements */ = {isa = PBXFileReference; lastKnownFileType = text.plist.entitlements; path = macOS.entitlements; sourceTree = "<group>"; };
		B5DAEA92266049C700A905F6 /* Tests iOS.xctest */ = {isa = PBXFileReference; explicitFileType = wrapper.cfbundle; includeInIndex = 0; path = "Tests iOS.xctest"; sourceTree = BUILT_PRODUCTS_DIR; };
		B5DAEA96266049C700A905F6 /* Tests_iOS.swift */ = {isa = PBXFileReference; lastKnownFileType = sourcecode.swift; path = Tests_iOS.swift; sourceTree = "<group>"; };
		B5DAEA98266049C700A905F6 /* Info.plist */ = {isa = PBXFileReference; lastKnownFileType = text.plist.xml; path = Info.plist; sourceTree = "<group>"; };
		B5DAEA9D266049C700A905F6 /* Tests macOS.xctest */ = {isa = PBXFileReference; explicitFileType = wrapper.cfbundle; includeInIndex = 0; path = "Tests macOS.xctest"; sourceTree = BUILT_PRODUCTS_DIR; };
		B5DAEAA1266049C700A905F6 /* Tests_macOS.swift */ = {isa = PBXFileReference; lastKnownFileType = sourcecode.swift; path = Tests_macOS.swift; sourceTree = "<group>"; };
		B5DAEAA3266049C700A905F6 /* Info.plist */ = {isa = PBXFileReference; lastKnownFileType = text.plist.xml; path = Info.plist; sourceTree = "<group>"; };
/* End PBXFileReference section */

/* Begin PBXFrameworksBuildPhase section */
		B5DAEA7F266049C700A905F6 /* Frameworks */ = {
			isa = PBXFrameworksBuildPhase;
			buildActionMask = 2147483647;
			files = (
			);
			runOnlyForDeploymentPostprocessing = 0;
		};
		B5DAEA87266049C700A905F6 /* Frameworks */ = {
			isa = PBXFrameworksBuildPhase;
			buildActionMask = 2147483647;
			files = (
			);
			runOnlyForDeploymentPostprocessing = 0;
		};
		B5DAEA8F266049C700A905F6 /* Frameworks */ = {
			isa = PBXFrameworksBuildPhase;
			buildActionMask = 2147483647;
			files = (
			);
			runOnlyForDeploymentPostprocessing = 0;
		};
		B5DAEA9A266049C700A905F6 /* Frameworks */ = {
			isa = PBXFrameworksBuildPhase;
			buildActionMask = 2147483647;
			files = (
			);
			runOnlyForDeploymentPostprocessing = 0;
		};
/* End PBXFrameworksBuildPhase section */

/* Begin PBXGroup section */
		B5DAEA75266049C100A905F6 = {
			isa = PBXGroup;
			children = (
				B5DAEA7A266049C100A905F6 /* Shared */,
				B5DAEA84266049C700A905F6 /* iOS */,
				B5DAEA8B266049C700A905F6 /* macOS */,
				B5DAEA95266049C700A905F6 /* Tests iOS */,
				B5DAEAA0266049C700A905F6 /* Tests macOS */,
				B5DAEA83266049C700A905F6 /* Products */,
			);
			sourceTree = "<group>";
		};
		B5DAEA7A266049C100A905F6 /* Shared */ = {
			isa = PBXGroup;
			children = (
				B5DAEA7B266049C100A905F6 /* swiftui_firebase_authApp.swift */,
				B5DAEA7C266049C100A905F6 /* ContentView.swift */,
				B5DAEA7D266049C700A905F6 /* Assets.xcassets */,
			);
			path = Shared;
			sourceTree = "<group>";
		};
		B5DAEA83266049C700A905F6 /* Products */ = {
			isa = PBXGroup;
			children = (
				B5DAEA82266049C700A905F6 /* swiftui-firebase-auth.app */,
				B5DAEA8A266049C700A905F6 /* swiftui-firebase-auth.app */,
				B5DAEA92266049C700A905F6 /* Tests iOS.xctest */,
				B5DAEA9D266049C700A905F6 /* Tests macOS.xctest */,
			);
			name = Products;
			sourceTree = "<group>";
		};
		B5DAEA84266049C700A905F6 /* iOS */ = {
			isa = PBXGroup;
			children = (
				B5DAEA85266049C700A905F6 /* Info.plist */,
			);
			path = iOS;
			sourceTree = "<group>";
		};
		B5DAEA8B266049C700A905F6 /* macOS */ = {
			isa = PBXGroup;
			children = (
				B5DAEA8C266049C700A905F6 /* Info.plist */,
				B5DAEA8D266049C700A905F6 /* macOS.entitlements */,
			);
			path = macOS;
			sourceTree = "<group>";
		};
		B5DAEA95266049C700A905F6 /* Tests iOS */ = {
			isa = PBXGroup;
			children = (
				B5DAEA96266049C700A905F6 /* Tests_iOS.swift */,
				B5DAEA98266049C700A905F6 /* Info.plist */,
			);
			path = "Tests iOS";
			sourceTree = "<group>";
		};
		B5DAEAA0266049C700A905F6 /* Tests macOS */ = {
			isa = PBXGroup;
			children = (
				B5DAEAA1266049C700A905F6 /* Tests_macOS.swift */,
				B5DAEAA3266049C700A905F6 /* Info.plist */,
			);
			path = "Tests macOS";
			sourceTree = "<group>";
		};
/* End PBXGroup section */

/* Begin PBXNativeTarget section */
		B5DAEA81266049C700A905F6 /* swiftui-firebase-auth (iOS) */ = {
			isa = PBXNativeTarget;
			buildConfigurationList = B5DAEAAC266049C700A905F6 /* Build configuration list for PBXNativeTarget "swiftui-firebase-auth (iOS)" */;
			buildPhases = (
				B5DAEA7E266049C700A905F6 /* Sources */,
				B5DAEA7F266049C700A905F6 /* Frameworks */,
				B5DAEA80266049C700A905F6 /* Resources */,
			);
			buildRules = (
			);
			dependencies = (
			);
			name = "swiftui-firebase-auth (iOS)";
			productName = "swiftui-firebase-auth (iOS)";
			productReference = B5DAEA82266049C700A905F6 /* swiftui-firebase-auth.app */;
			productType = "com.apple.product-type.application";
		};
		B5DAEA89266049C700A905F6 /* swiftui-firebase-auth (macOS) */ = {
			isa = PBXNativeTarget;
			buildConfigurationList = B5DAEAAF266049C700A905F6 /* Build configuration list for PBXNativeTarget "swiftui-firebase-auth (macOS)" */;
			buildPhases = (
				B5DAEA86266049C700A905F6 /* Sources */,
				B5DAEA87266049C700A905F6 /* Frameworks */,
				B5DAEA88266049C700A905F6 /* Resources */,
			);
			buildRules = (
			);
			dependencies = (
			);
			name = "swiftui-firebase-auth (macOS)";
			productName = "swiftui-firebase-auth (macOS)";
			productReference = B5DAEA8A266049C700A905F6 /* swiftui-firebase-auth.app */;
			productType = "com.apple.product-type.application";
		};
		B5DAEA91266049C700A905F6 /* Tests iOS */ = {
			isa = PBXNativeTarget;
			buildConfigurationList = B5DAEAB2266049C700A905F6 /* Build configuration list for PBXNativeTarget "Tests iOS" */;
			buildPhases = (
				B5DAEA8E266049C700A905F6 /* Sources */,
				B5DAEA8F266049C700A905F6 /* Frameworks */,
				B5DAEA90266049C700A905F6 /* Resources */,
			);
			buildRules = (
			);
			dependencies = (
				B5DAEA94266049C700A905F6 /* PBXTargetDependency */,
			);
			name = "Tests iOS";
			productName = "Tests iOS";
			productReference = B5DAEA92266049C700A905F6 /* Tests iOS.xctest */;
			productType = "com.apple.product-type.bundle.ui-testing";
		};
		B5DAEA9C266049C700A905F6 /* Tests macOS */ = {
			isa = PBXNativeTarget;
			buildConfigurationList = B5DAEAB5266049C700A905F6 /* Build configuration list for PBXNativeTarget "Tests macOS" */;
			buildPhases = (
				B5DAEA99266049C700A905F6 /* Sources */,
				B5DAEA9A266049C700A905F6 /* Frameworks */,
				B5DAEA9B266049C700A905F6 /* Resources */,
			);
			buildRules = (
			);
			dependencies = (
				B5DAEA9F266049C700A905F6 /* PBXTargetDependency */,
			);
			name = "Tests macOS";
			productName = "Tests macOS";
			productReference = B5DAEA9D266049C700A905F6 /* Tests macOS.xctest */;
			productType = "com.apple.product-type.bundle.ui-testing";
		};
/* End PBXNativeTarget section */

/* Begin PBXProject section */
		B5DAEA76266049C100A905F6 /* Project object */ = {
			isa = PBXProject;
			attributes = {
				LastSwiftUpdateCheck = 1250;
				LastUpgradeCheck = 1250;
				TargetAttributes = {
					B5DAEA81266049C700A905F6 = {
						CreatedOnToolsVersion = 12.5;
					};
					B5DAEA89266049C700A905F6 = {
						CreatedOnToolsVersion = 12.5;
					};
					B5DAEA91266049C700A905F6 = {
						CreatedOnToolsVersion = 12.5;
						TestTargetID = B5DAEA81266049C700A905F6;
					};
					B5DAEA9C266049C700A905F6 = {
						CreatedOnToolsVersion = 12.5;
						TestTargetID = B5DAEA89266049C700A905F6;
					};
				};
			};
			buildConfigurationList = B5DAEA79266049C100A905F6 /* Build configuration list for PBXProject "swiftui-firebase-auth" */;
			compatibilityVersion = "Xcode 9.3";
			developmentRegion = en;
			hasScannedForEncodings = 0;
			knownRegions = (
				en,
				Base,
			);
			mainGroup = B5DAEA75266049C100A905F6;
			productRefGroup = B5DAEA83266049C700A905F6 /* Products */;
			projectDirPath = "";
			projectRoot = "";
			targets = (
				B5DAEA81266049C700A905F6 /* swiftui-firebase-auth (iOS) */,
				B5DAEA89266049C700A905F6 /* swiftui-firebase-auth (macOS) */,
				B5DAEA91266049C700A905F6 /* Tests iOS */,
				B5DAEA9C266049C700A905F6 /* Tests macOS */,
			);
		};
/* End PBXProject section */

/* Begin PBXResourcesBuildPhase section */
		B5DAEA80266049C700A905F6 /* Resources */ = {
			isa = PBXResourcesBuildPhase;
			buildActionMask = 2147483647;
			files = (
				B5DAEAA8266049C700A905F6 /* Assets.xcassets in Resources */,
			);
			runOnlyForDeploymentPostprocessing = 0;
		};
		B5DAEA88266049C700A905F6 /* Resources */ = {
			isa = PBXResourcesBuildPhase;
			buildActionMask = 2147483647;
			files = (
				B5DAEAA9266049C700A905F6 /* Assets.xcassets in Resources */,
			);
			runOnlyForDeploymentPostprocessing = 0;
		};
		B5DAEA90266049C700A905F6 /* Resources */ = {
			isa = PBXResourcesBuildPhase;
			buildActionMask = 2147483647;
			files = (
			);
			runOnlyForDeploymentPostprocessing = 0;
		};
		B5DAEA9B266049C700A905F6 /* Resources */ = {
			isa = PBXResourcesBuildPhase;
			buildActionMask = 2147483647;
			files = (
			);
			runOnlyForDeploymentPostprocessing = 0;
		};
/* End PBXResourcesBuildPhase section */

/* Begin PBXSourcesBuildPhase section */
		B5DAEA7E266049C700A905F6 /* Sources */ = {
			isa = PBXSourcesBuildPhase;
			buildActionMask = 2147483647;
			files = (
				B5DAEAA6266049C700A905F6 /* ContentView.swift in Sources */,
				B5DAEAA4266049C700A905F6 /* swiftui_firebase_authApp.swift in Sources */,
			);
			runOnlyForDeploymentPostprocessing = 0;
		};
		B5DAEA86266049C700A905F6 /* Sources */ = {
			isa = PBXSourcesBuildPhase;
			buildActionMask = 2147483647;
			files = (
				B5DAEAA7266049C700A905F6 /* ContentView.swift in Sources */,
				B5DAEAA5266049C700A905F6 /* swiftui_firebase_authApp.swift in Sources */,
			);
			runOnlyForDeploymentPostprocessing = 0;
		};
		B5DAEA8E266049C700A905F6 /* Sources */ = {
			isa = PBXSourcesBuildPhase;
			buildActionMask = 2147483647;
			files = (
				B5DAEA97266049C700A905F6 /* Tests_iOS.swift in Sources */,
			);
			runOnlyForDeploymentPostprocessing = 0;
		};
		B5DAEA99266049C700A905F6 /* Sources */ = {
			isa = PBXSourcesBuildPhase;
			buildActionMask = 2147483647;
			files = (
				B5DAEAA2266049C700A905F6 /* Tests_macOS.swift in Sources */,
			);
			runOnlyForDeploymentPostprocessing = 0;
		};
/* End PBXSourcesBuildPhase section */

/* Begin PBXTargetDependency section */
		B5DAEA94266049C700A905F6 /* PBXTargetDependency */ = {
			isa = PBXTargetDependency;
			target = B5DAEA81266049C700A905F6 /* swiftui-firebase-auth (iOS) */;
			targetProxy = B5DAEA93266049C700A905F6 /* PBXContainerItemProxy */;
		};
		B5DAEA9F266049C700A905F6 /* PBXTargetDependency */ = {
			isa = PBXTargetDependency;
			target = B5DAEA89266049C700A905F6 /* swiftui-firebase-auth (macOS) */;
			targetProxy = B5DAEA9E266049C700A905F6 /* PBXContainerItemProxy */;
		};
/* End PBXTargetDependency section */

/* Begin XCBuildConfiguration section */
		B5DAEAAA266049C700A905F6 /* Debug */ = {
			isa = XCBuildConfiguration;
			buildSettings = {
				ALWAYS_SEARCH_USER_PATHS = NO;
				CLANG_ANALYZER_NONNULL = YES;
				CLANG_ANALYZER_NUMBER_OBJECT_CONVERSION = YES_AGGRESSIVE;
				CLANG_CXX_LANGUAGE_STANDARD = "gnu++14";
				CLANG_CXX_LIBRARY = "libc++";
				CLANG_ENABLE_MODULES = YES;
				CLANG_ENABLE_OBJC_ARC = YES;
				CLANG_ENABLE_OBJC_WEAK = YES;
				CLANG_WARN_BLOCK_CAPTURE_AUTORELEASING = YES;
				CLANG_WARN_BOOL_CONVERSION = YES;
				CLANG_WARN_COMMA = YES;
				CLANG_WARN_CONSTANT_CONVERSION = YES;
				CLANG_WARN_DEPRECATED_OBJC_IMPLEMENTATIONS = YES;
				CLANG_WARN_DIRECT_OBJC_ISA_USAGE = YES_ERROR;
				CLANG_WARN_DOCUMENTATION_COMMENTS = YES;
				CLANG_WARN_EMPTY_BODY = YES;
				CLANG_WARN_ENUM_CONVERSION = YES;
				CLANG_WARN_INFINITE_RECURSION = YES;
				CLANG_WARN_INT_CONVERSION = YES;
				CLANG_WARN_NON_LITERAL_NULL_CONVERSION = YES;
				CLANG_WARN_OBJC_IMPLICIT_RETAIN_SELF = YES;
				CLANG_WARN_OBJC_LITERAL_CONVERSION = YES;
				CLANG_WARN_OBJC_ROOT_CLASS = YES_ERROR;
				CLANG_WARN_QUOTED_INCLUDE_IN_FRAMEWORK_HEADER = YES;
				CLANG_WARN_RANGE_LOOP_ANALYSIS = YES;
				CLANG_WARN_STRICT_PROTOTYPES = YES;
				CLANG_WARN_SUSPICIOUS_MOVE = YES;
				CLANG_WARN_UNGUARDED_AVAILABILITY = YES_AGGRESSIVE;
				CLANG_WARN_UNREACHABLE_CODE = YES;
				CLANG_WARN__DUPLICATE_METHOD_MATCH = YES;
				COPY_PHASE_STRIP = NO;
				DEBUG_INFORMATION_FORMAT = dwarf;
				ENABLE_STRICT_OBJC_MSGSEND = YES;
				ENABLE_TESTABILITY = YES;
				GCC_C_LANGUAGE_STANDARD = gnu11;
				GCC_DYNAMIC_NO_PIC = NO;
				GCC_NO_COMMON_BLOCKS = YES;
				GCC_OPTIMIZATION_LEVEL = 0;
				GCC_PREPROCESSOR_DEFINITIONS = (
					"DEBUG=1",
					"$(inherited)",
				);
				GCC_WARN_64_TO_32_BIT_CONVERSION = YES;
				GCC_WARN_ABOUT_RETURN_TYPE = YES_ERROR;
				GCC_WARN_UNDECLARED_SELECTOR = YES;
				GCC_WARN_UNINITIALIZED_AUTOS = YES_AGGRESSIVE;
				GCC_WARN_UNUSED_FUNCTION = YES;
				GCC_WARN_UNUSED_VARIABLE = YES;
				MTL_ENABLE_DEBUG_INFO = INCLUDE_SOURCE;
				MTL_FAST_MATH = YES;
				ONLY_ACTIVE_ARCH = YES;
				SWIFT_ACTIVE_COMPILATION_CONDITIONS = DEBUG;
				SWIFT_OPTIMIZATION_LEVEL = "-Onone";
			};
			name = Debug;
		};
		B5DAEAAB266049C700A905F6 /* Release */ = {
			isa = XCBuildConfiguration;
			buildSettings = {
				ALWAYS_SEARCH_USER_PATHS = NO;
				CLANG_ANALYZER_NONNULL = YES;
				CLANG_ANALYZER_NUMBER_OBJECT_CONVERSION = YES_AGGRESSIVE;
				CLANG_CXX_LANGUAGE_STANDARD = "gnu++14";
				CLANG_CXX_LIBRARY = "libc++";
				CLANG_ENABLE_MODULES = YES;
				CLANG_ENABLE_OBJC_ARC = YES;
				CLANG_ENABLE_OBJC_WEAK = YES;
				CLANG_WARN_BLOCK_CAPTURE_AUTORELEASING = YES;
				CLANG_WARN_BOOL_CONVERSION = YES;
				CLANG_WARN_COMMA = YES;
				CLANG_WARN_CONSTANT_CONVERSION = YES;
				CLANG_WARN_DEPRECATED_OBJC_IMPLEMENTATIONS = YES;
				CLANG_WARN_DIRECT_OBJC_ISA_USAGE = YES_ERROR;
				CLANG_WARN_DOCUMENTATION_COMMENTS = YES;
				CLANG_WARN_EMPTY_BODY = YES;
				CLANG_WARN_ENUM_CONVERSION = YES;
				CLANG_WARN_INFINITE_RECURSION = YES;
				CLANG_WARN_INT_CONVERSION = YES;
				CLANG_WARN_NON_LITERAL_NULL_CONVERSION = YES;
				CLANG_WARN_OBJC_IMPLICIT_RETAIN_SELF = YES;
				CLANG_WARN_OBJC_LITERAL_CONVERSION = YES;
				CLANG_WARN_OBJC_ROOT_CLASS = YES_ERROR;
				CLANG_WARN_QUOTED_INCLUDE_IN_FRAMEWORK_HEADER = YES;
				CLANG_WARN_RANGE_LOOP_ANALYSIS = YES;
				CLANG_WARN_STRICT_PROTOTYPES = YES;
				CLANG_WARN_SUSPICIOUS_MOVE = YES;
				CLANG_WARN_UNGUARDED_AVAILABILITY = YES_AGGRESSIVE;
				CLANG_WARN_UNREACHABLE_CODE = YES;
				CLANG_WARN__DUPLICATE_METHOD_MATCH = YES;
				COPY_PHASE_STRIP = NO;
				DEBUG_INFORMATION_FORMAT = "dwarf-with-dsym";
				ENABLE_NS_ASSERTIONS = NO;
				ENABLE_STRICT_OBJC_MSGSEND = YES;
				GCC_C_LANGUAGE_STANDARD = gnu11;
				GCC_NO_COMMON_BLOCKS = YES;
				GCC_WARN_64_TO_32_BIT_CONVERSION = YES;
				GCC_WARN_ABOUT_RETURN_TYPE = YES_ERROR;
				GCC_WARN_UNDECLARED_SELECTOR = YES;
				GCC_WARN_UNINITIALIZED_AUTOS = YES_AGGRESSIVE;
				GCC_WARN_UNUSED_FUNCTION = YES;
				GCC_WARN_UNUSED_VARIABLE = YES;
				MTL_ENABLE_DEBUG_INFO = NO;
				MTL_FAST_MATH = YES;
				SWIFT_COMPILATION_MODE = wholemodule;
				SWIFT_OPTIMIZATION_LEVEL = "-O";
			};
			name = Release;
		};
		B5DAEAAD266049C700A905F6 /* Debug */ = {
			isa = XCBuildConfiguration;
			buildSettings = {
				ASSETCATALOG_COMPILER_APPICON_NAME = AppIcon;
				ASSETCATALOG_COMPILER_GLOBAL_ACCENT_COLOR_NAME = AccentColor;
				CODE_SIGN_STYLE = Automatic;
				ENABLE_PREVIEWS = YES;
				INFOPLIST_FILE = iOS/Info.plist;
				IPHONEOS_DEPLOYMENT_TARGET = 14.0;
				LD_RUNPATH_SEARCH_PATHS = (
					"$(inherited)",
					"@executable_path/Frameworks",
				);
				PRODUCT_BUNDLE_IDENTIFIER = "AbdullahRidwan.swiftui-firebase-auth";
				PRODUCT_NAME = "swiftui-firebase-auth";
				SDKROOT = iphoneos;
				SWIFT_VERSION = 5.0;
				TARGETED_DEVICE_FAMILY = "1,2";
			};
			name = Debug;
		};
		B5DAEAAE266049C700A905F6 /* Release */ = {
			isa = XCBuildConfiguration;
			buildSettings = {
				ASSETCATALOG_COMPILER_APPICON_NAME = AppIcon;
				ASSETCATALOG_COMPILER_GLOBAL_ACCENT_COLOR_NAME = AccentColor;
				CODE_SIGN_STYLE = Automatic;
				ENABLE_PREVIEWS = YES;
				INFOPLIST_FILE = iOS/Info.plist;
				IPHONEOS_DEPLOYMENT_TARGET = 14.0;
				LD_RUNPATH_SEARCH_PATHS = (
					"$(inherited)",
					"@executable_path/Frameworks",
				);
				PRODUCT_BUNDLE_IDENTIFIER = "AbdullahRidwan.swiftui-firebase-auth";
				PRODUCT_NAME = "swiftui-firebase-auth";
				SDKROOT = iphoneos;
				SWIFT_VERSION = 5.0;
				TARGETED_DEVICE_FAMILY = "1,2";
				VALIDATE_PRODUCT = YES;
			};
			name = Release;
		};
		B5DAEAB0266049C700A905F6 /* Debug */ = {
			isa = XCBuildConfiguration;
			buildSettings = {
				ASSETCATALOG_COMPILER_APPICON_NAME = AppIcon;
				ASSETCATALOG_COMPILER_GLOBAL_ACCENT_COLOR_NAME = AccentColor;
				CODE_SIGN_ENTITLEMENTS = macOS/macOS.entitlements;
				CODE_SIGN_STYLE = Automatic;
				COMBINE_HIDPI_IMAGES = YES;
				ENABLE_PREVIEWS = YES;
				INFOPLIST_FILE = macOS/Info.plist;
				LD_RUNPATH_SEARCH_PATHS = (
					"$(inherited)",
					"@executable_path/../Frameworks",
				);
				MACOSX_DEPLOYMENT_TARGET = 11.0;
				PRODUCT_BUNDLE_IDENTIFIER = "AbdullahRidwan.swiftui-firebase-auth";
				PRODUCT_NAME = "swiftui-firebase-auth";
				SDKROOT = macosx;
				SWIFT_VERSION = 5.0;
			};
			name = Debug;
		};
		B5DAEAB1266049C700A905F6 /* Release */ = {
			isa = XCBuildConfiguration;
			buildSettings = {
				ASSETCATALOG_COMPILER_APPICON_NAME = AppIcon;
				ASSETCATALOG_COMPILER_GLOBAL_ACCENT_COLOR_NAME = AccentColor;
				CODE_SIGN_ENTITLEMENTS = macOS/macOS.entitlements;
				CODE_SIGN_STYLE = Automatic;
				COMBINE_HIDPI_IMAGES = YES;
				ENABLE_PREVIEWS = YES;
				INFOPLIST_FILE = macOS/Info.plist;
				LD_RUNPATH_SEARCH_PATHS = (
					"$(inherited)",
					"@executable_path/../Frameworks",
				);
				MACOSX_DEPLOYMENT_TARGET = 11.0;
				PRODUCT_BUNDLE_IDENTIFIER = "AbdullahRidwan.swiftui-firebase-auth";
				PRODUCT_NAME = "swiftui-firebase-auth";
				SDKROOT = macosx;
				SWIFT_VERSION = 5.0;
			};
			name = Release;
		};
		B5DAEAB3266049C700A905F6 /* Debug */ = {
			isa = XCBuildConfiguration;
			buildSettings = {
				ALWAYS_EMBED_SWIFT_STANDARD_LIBRARIES = YES;
				CODE_SIGN_STYLE = Automatic;
				INFOPLIST_FILE = "Tests iOS/Info.plist";
				IPHONEOS_DEPLOYMENT_TARGET = 14.5;
				LD_RUNPATH_SEARCH_PATHS = (
					"$(inherited)",
					"@executable_path/Frameworks",
					"@loader_path/Frameworks",
				);
				PRODUCT_BUNDLE_IDENTIFIER = "AbdullahRidwan.Tests-iOS";
				PRODUCT_NAME = "$(TARGET_NAME)";
				SDKROOT = iphoneos;
				SWIFT_VERSION = 5.0;
				TARGETED_DEVICE_FAMILY = "1,2";
				TEST_TARGET_NAME = "swiftui-firebase-auth (iOS)";
			};
			name = Debug;
		};
		B5DAEAB4266049C700A905F6 /* Release */ = {
			isa = XCBuildConfiguration;
			buildSettings = {
				ALWAYS_EMBED_SWIFT_STANDARD_LIBRARIES = YES;
				CODE_SIGN_STYLE = Automatic;
				INFOPLIST_FILE = "Tests iOS/Info.plist";
				IPHONEOS_DEPLOYMENT_TARGET = 14.5;
				LD_RUNPATH_SEARCH_PATHS = (
					"$(inherited)",
					"@executable_path/Frameworks",
					"@loader_path/Frameworks",
				);
				PRODUCT_BUNDLE_IDENTIFIER = "AbdullahRidwan.Tests-iOS";
				PRODUCT_NAME = "$(TARGET_NAME)";
				SDKROOT = iphoneos;
				SWIFT_VERSION = 5.0;
				TARGETED_DEVICE_FAMILY = "1,2";
				TEST_TARGET_NAME = "swiftui-firebase-auth (iOS)";
				VALIDATE_PRODUCT = YES;
			};
			name = Release;
		};
		B5DAEAB6266049C700A905F6 /* Debug */ = {
			isa = XCBuildConfiguration;
			buildSettings = {
				ALWAYS_EMBED_SWIFT_STANDARD_LIBRARIES = YES;
				CODE_SIGN_STYLE = Automatic;
				COMBINE_HIDPI_IMAGES = YES;
				INFOPLIST_FILE = "Tests macOS/Info.plist";
				LD_RUNPATH_SEARCH_PATHS = (
					"$(inherited)",
					"@executable_path/../Frameworks",
					"@loader_path/../Frameworks",
				);
				MACOSX_DEPLOYMENT_TARGET = 11.3;
				PRODUCT_BUNDLE_IDENTIFIER = "AbdullahRidwan.Tests-macOS";
				PRODUCT_NAME = "$(TARGET_NAME)";
				SDKROOT = macosx;
				SWIFT_VERSION = 5.0;
				TEST_TARGET_NAME = "swiftui-firebase-auth (macOS)";
			};
			name = Debug;
		};
		B5DAEAB7266049C700A905F6 /* Release */ = {
			isa = XCBuildConfiguration;
			buildSettings = {
				ALWAYS_EMBED_SWIFT_STANDARD_LIBRARIES = YES;
				CODE_SIGN_STYLE = Automatic;
				COMBINE_HIDPI_IMAGES = YES;
				INFOPLIST_FILE = "Tests macOS/Info.plist";
				LD_RUNPATH_SEARCH_PATHS = (
					"$(inherited)",
					"@executable_path/../Frameworks",
					"@loader_path/../Frameworks",
				);
				MACOSX_DEPLOYMENT_TARGET = 11.3;
				PRODUCT_BUNDLE_IDENTIFIER = "AbdullahRidwan.Tests-macOS";
				PRODUCT_NAME = "$(TARGET_NAME)";
				SDKROOT = macosx;
				SWIFT_VERSION = 5.0;
				TEST_TARGET_NAME = "swiftui-firebase-auth (macOS)";
			};
			name = Release;
		};
/* End XCBuildConfiguration section */

/* Begin XCConfigurationList section */
		B5DAEA79266049C100A905F6 /* Build configuration list for PBXProject "swiftui-firebase-auth" */ = {
			isa = XCConfigurationList;
			buildConfigurations = (
				B5DAEAAA266049C700A905F6 /* Debug */,
				B5DAEAAB266049C700A905F6 /* Release */,
			);
			defaultConfigurationIsVisible = 0;
			defaultConfigurationName = Release;
		};
		B5DAEAAC266049C700A905F6 /* Build configuration list for PBXNativeTarget "swiftui-firebase-auth (iOS)" */ = {
			isa = XCConfigurationList;
			buildConfigurations = (
				B5DAEAAD266049C700A905F6 /* Debug */,
				B5DAEAAE266049C700A905F6 /* Release */,
			);
			defaultConfigurationIsVisible = 0;
			defaultConfigurationName = Release;
		};
		B5DAEAAF266049C700A905F6 /* Build configuration list for PBXNativeTarget "swiftui-firebase-auth (macOS)" */ = {
			isa = XCConfigurationList;
			buildConfigurations = (
				B5DAEAB0266049C700A905F6 /* Debug */,
				B5DAEAB1266049C700A905F6 /* Release */,
			);
			defaultConfigurationIsVisible = 0;
			defaultConfigurationName = Release;
		};
		B5DAEAB2266049C700A905F6 /* Build configuration list for PBXNativeTarget "Tests iOS" */ = {
			isa = XCConfigurationList;
			buildConfigurations = (
				B5DAEAB3266049C700A905F6 /* Debug */,
				B5DAEAB4266049C700A905F6 /* Release */,
			);
			defaultConfigurationIsVisible = 0;
			defaultConfigurationName = Release;
		};
		B5DAEAB5266049C700A905F6 /* Build configuration list for PBXNativeTarget "Tests macOS" */ = {
			isa = XCConfigurationList;
			buildConfigurations = (
				B5DAEAB6266049C700A905F6 /* Debug */,
				B5DAEAB7266049C700A905F6 /* Release */,
			);
			defaultConfigurationIsVisible = 0;
			defaultConfigurationName = Release;
		};
/* End XCConfigurationList section */
	};
	rootObject = B5DAEA76266049C100A905F6 /* Project object */;
}
